
Microsoft Visual Studio Solution File, Format Version 12.00
# Visual Studio Version 17
VisualStudioVersion = 17.3.32825.248
MinimumVisualStudioVersion = 10.0.40219.1
Project("{FAE04EC0-301F-11D3-BF4B-00C04F79EFBC}") = "Objektorienterad Programering - Labb 1", "Objektorienterad Programering - Labb 1\Objektorienterad Programering - Labb 1.csproj", "{F8B8800D-EBEF-4E6D-BF08-19C6041DE69A}"
EndProject
Global
	GlobalSection(SolutionConfigurationPlatforms) = preSolution
		Debug|Any CPU = Debug|Any CPU
		Release|Any CPU = Release|Any CPU
	EndGlobalSection
	GlobalSection(ProjectConfigurationPlatforms) = postSolution
		{F8B8800D-EBEF-4E6D-BF08-19C6041DE69A}.Debug|Any CPU.ActiveCfg = Debug|Any CPU
		{F8B8800D-EBEF-4E6D-BF08-19C6041DE69A}.Debug|Any CPU.Build.0 = Debug|Any CPU
		{F8B8800D-EBEF-4E6D-BF08-19C6041DE69A}.Release|Any CPU.ActiveCfg = Release|Any CPU
		{F8B8800D-EBEF-4E6D-BF08-19C6041DE69A}.Release|Any CPU.Build.0 = Release|Any CPU
	EndGlobalSection
	GlobalSection(SolutionProperties) = preSolution
		HideSolutionNode = FALSE
	EndGlobalSection
	GlobalSection(ExtensibilityGlobals) = postSolution
		SolutionGuid = {443C1540-3F04-401A-B525-135D55D5B754}
	EndGlobalSection
EndGlobal
